# This file was autogenerated by Stack.
# You should not edit this file by hand.
# For more information, please see the documentation at:
#   https://docs.haskellstack.org/en/stable/lock_files

packages:
- completed:
    hackage: pandoc-2.19.2@sha256:080cf2f4fc8b9d389f2fd3760f59972196b8d5b0f3e9831ecf95eb0a902dbd05,40217
    pantry-tree:
      size: 142091
      sha256: 947060b4316f43c42151fa21ad3d0e93ea75b67df6d03d9f8d5a33974d1a7e4d
  original:
    hackage: pandoc-2.19.2@sha256:080cf2f4fc8b9d389f2fd3760f59972196b8d5b0f3e9831ecf95eb0a902dbd05,40217
- completed:
    hackage: regex-posix-clib-2.7@sha256:998fca06da3d719818f0691ef0b8b9b7375afeea228cb08bd9e2db53f96b0cd7,1232
    pantry-tree:
      size: 524
      sha256: 5bf20952472d930323766d250f5fbbe3fe6f2cd3d931e5cf7b62a238ab2099ff
  original:
    hackage: regex-posix-clib-2.7@sha256:998fca06da3d719818f0691ef0b8b9b7375afeea228cb08bd9e2db53f96b0cd7,1232
- completed:
    hackage: haddock-library-1.10.0@sha256:2a6c239da9225951a5d837e1ce373faeeae60d1345c78dd0a0b0f29df30c4fe9,4098
    pantry-tree:
      size: 3645
      sha256: 1e6bfa160a41ccddfa3d02cd456b7e84f7bf17c766a07b27c730327cf49bf63e
  original:
    hackage: haddock-library-1.10.0@sha256:2a6c239da9225951a5d837e1ce373faeeae60d1345c78dd0a0b0f29df30c4fe9,4098
- completed:
    hackage: jira-wiki-markup-1.4.0@sha256:2fdb7b50bd270d7d388b31df1c746c2864326b68bdd44045323c4f81fd6d5283,3851
    pantry-tree:
      size: 1181
      sha256: 3817344d1039fb3069b68da0accf199c0149e2c456e369d86460f56fd2289620
  original:
    hackage: jira-wiki-markup-1.4.0@sha256:2fdb7b50bd270d7d388b31df1c746c2864326b68bdd44045323c4f81fd6d5283,3851
- completed:
    hackage: unicode-collation-0.1.3@sha256:4e92a82fff19e26e1ee46d7c945b3a4939a32c0c7e6beadbff9a91f1e16b5295,5122
    pantry-tree:
      size: 7407
      sha256: 704dc306e8d1a1fc774459c49024c9f6448bded1a82b0a8657b11b565fd4b2c8
  original:
    hackage: unicode-collation-0.1.3@sha256:4e92a82fff19e26e1ee46d7c945b3a4939a32c0c7e6beadbff9a91f1e16b5295,5122
- completed:
    hackage: xml-conduit-1.9.1.1@sha256:7213a64462d669f5ca55534a78a9b19c1d3757a605756e1f5065fa7c611493c1,3010
    pantry-tree:
      size: 836
      sha256: f1d88705f6f5368a5861251f5b32f59374a2aaa979079fb8a128bd15f830da75
  original:
    hackage: xml-conduit-1.9.1.1@sha256:7213a64462d669f5ca55534a78a9b19c1d3757a605756e1f5065fa7c611493c1,3010
- completed:
    hackage: aeson-pretty-0.8.9@sha256:f7b1808efab1b9edd0efbdfc2cd47e7dfe8bbd42ee970d1d3780112a4de125a1,2559
    pantry-tree:
      size: 394
      sha256: 4e5818336fd78e923509788d0d40d766018790dd3b8e3ad8a21a6736adf33fce
  original:
    hackage: aeson-pretty-0.8.9@sha256:f7b1808efab1b9edd0efbdfc2cd47e7dfe8bbd42ee970d1d3780112a4de125a1,2559
- completed:
    hackage: citeproc-0.8.1@sha256:12cacc475032e618365698e8923cb33ebc36c873f6b7bcf88631d3657b1e85cd,5666
    pantry-tree:
      size: 80866
      sha256: 81c1677a67148f93d31d658f77069681f1194787509c0d938051aa5c618eea01
  original:
    hackage: citeproc-0.8.1@sha256:12cacc475032e618365698e8923cb33ebc36c873f6b7bcf88631d3657b1e85cd,5666
- completed:
    hackage: commonmark-0.2.2@sha256:e6b0b1889a56a53f8513a6b94f5d2f1eecd23f52bef90bcfe72fe322a8db7b74,3454
    pantry-tree:
      size: 1348
      sha256: 02344132a4c9acce46e8f2ca366365d9679d8e3b627bb691ad23289eb2b74d0b
  original:
    hackage: commonmark-0.2.2@sha256:e6b0b1889a56a53f8513a6b94f5d2f1eecd23f52bef90bcfe72fe322a8db7b74,3454
- completed:
    hackage: commonmark-extensions-0.2.3.3@sha256:22bb65e7725f4056aa1e904d4b32a3696107cc50dad36c6db5a0a67828a8dfee,3488
    pantry-tree:
      size: 3315
      sha256: e76083d7aa452f03ea3777c4c906720f228f35690b4f64d5c97df0bcaa0a28f2
  original:
    hackage: commonmark-extensions-0.2.3.3@sha256:22bb65e7725f4056aa1e904d4b32a3696107cc50dad36c6db5a0a67828a8dfee,3488
- completed:
    hackage: commonmark-pandoc-0.2.1.3@sha256:993c99b8ab2ed8a5bc2a3b15430e373334d111f42cad9224b0033c336a1f6694,1153
    pantry-tree:
      size: 326
      sha256: 32c796ce5b3c6a2a809c7b44283bcf91dfecb6c7f85da2a3814df527cefe7185
  original:
    hackage: commonmark-pandoc-0.2.1.3@sha256:993c99b8ab2ed8a5bc2a3b15430e373334d111f42cad9224b0033c336a1f6694,1153
- completed:
    hackage: gridtables-0.0.3.0@sha256:0c34cec7ff7fde5629baa6b17ba4e54fe73bc534feb48816341ad9807e284654,3055
    pantry-tree:
      size: 546
      sha256: e32e6e36fdd823d5e0286b151843bdff646cb98f7f73f6a58d72a716b1e37b3c
  original:
    hackage: gridtables-0.0.3.0@sha256:0c34cec7ff7fde5629baa6b17ba4e54fe73bc534feb48816341ad9807e284654,3055
- completed:
    hackage: hslua-2.2.1@sha256:2d7aa66f0ae533dcea7228b55fa4b64f38e6a2bbc01cd8a52ecec159d4c37a0e,4751
    pantry-tree:
      size: 679
      sha256: 9e4237facd9f4e524dcef48ec64fa4b196c192151222ab634231ed9a75007abb
  original:
    hackage: hslua-2.2.1@sha256:2d7aa66f0ae533dcea7228b55fa4b64f38e6a2bbc01cd8a52ecec159d4c37a0e,4751
- completed:
    hackage: hslua-aeson-2.2.1@sha256:86be4742cb6620a4c0fd8930b04fdc2f8c0578007018d0594a65111140c3e0ff,3200
    pantry-tree:
      size: 334
      sha256: bf4e75b714b0d25795ea1f7a255e210c431da64dee56f57adac292fb20f4cac7
  original:
    hackage: hslua-aeson-2.2.1@sha256:86be4742cb6620a4c0fd8930b04fdc2f8c0578007018d0594a65111140c3e0ff,3200
- completed:
    hackage: hslua-module-doclayout-1.0.4@sha256:2d526e1095328aaede64a40a9276abe257596f6c73e893bbfa0432b2744aaaa7,2693
    pantry-tree:
      size: 433
      sha256: 5c62aca5cace9cc05fda6aebe7e91fa46ec2a9dcc4fd0b3b9c58c7bf1642cac7
  original:
    hackage: hslua-module-doclayout-1.0.4@sha256:2d526e1095328aaede64a40a9276abe257596f6c73e893bbfa0432b2744aaaa7,2693
- completed:
    hackage: hslua-module-path-1.0.3@sha256:9764d9a4f1ddc0cf47e91dbf23919095434f4926cebea82de516cf2731e89089,2697
    pantry-tree:
      size: 413
      sha256: e0900b12acf64d47ad405b939fb0b7cac8c3a3b9290e064dcc53451f1e19c6d5
  original:
    hackage: hslua-module-path-1.0.3@sha256:9764d9a4f1ddc0cf47e91dbf23919095434f4926cebea82de516cf2731e89089,2697
- completed:
    hackage: hslua-module-system-1.0.2@sha256:1958499d7a04f7faad2f98a134f988d3fe6d95f914b5090acc0032ffadcbfba1,3058
    pantry-tree:
      size: 444
      sha256: 5df1c5f0beffe416a2b835db5b8ae977c6bddfcbe18e250d7c2c81498d47eca7
  original:
    hackage: hslua-module-system-1.0.2@sha256:1958499d7a04f7faad2f98a134f988d3fe6d95f914b5090acc0032ffadcbfba1,3058
- completed:
    hackage: hslua-module-text-1.0.3.1@sha256:101cc63fcbfce9ff03532278db19879c4ed6a89e942a5f42a251e55a7df2046b,2681
    pantry-tree:
      size: 409
      sha256: 9faaa6a23b4a32324dd95916aef14846aafb49c97285f2450431088b47fea4eb
  original:
    hackage: hslua-module-text-1.0.3.1@sha256:101cc63fcbfce9ff03532278db19879c4ed6a89e942a5f42a251e55a7df2046b,2681
- completed:
    hackage: hslua-module-version-1.0.3@sha256:0722de7a187152e182d384c52585e3402a8a3ef7a6da1422a3ebc982576654a1,2666
    pantry-tree:
      size: 423
      sha256: b72a859b74ce98ca4699a0de772e8c571417fc275b59f049fd6211c9a8deacee
  original:
    hackage: hslua-module-version-1.0.3@sha256:0722de7a187152e182d384c52585e3402a8a3ef7a6da1422a3ebc982576654a1,2666
- completed:
    hackage: ipynb-0.2@sha256:d3ec93f44fac7ddeb06e5419d0577321831cc903ecb176ca6be5015c55e9893a,1906
    pantry-tree:
      size: 813
      sha256: bda1f7814543c9601ce60560721380ee4cc2a3485c5832461d05b81000814aef
  original:
    hackage: ipynb-0.2@sha256:d3ec93f44fac7ddeb06e5419d0577321831cc903ecb176ca6be5015c55e9893a,1906
- completed:
    hackage: lpeg-1.0.3@sha256:c64ed52f3aa92e4b5f5cba9f45424abd4cfd678d3ca35b6fca998078b47d3039,3556
    pantry-tree:
      size: 1265
      sha256: bc0a8518ca9c52218f47b47c59f5bfaaa375da75a54fbadf9da0059890683924
  original:
    hackage: lpeg-1.0.3@sha256:c64ed52f3aa92e4b5f5cba9f45424abd4cfd678d3ca35b6fca998078b47d3039,3556
- completed:
    hackage: pandoc-lua-marshal-0.1.7@sha256:66d0cec444b967493dae7e108599a29dd470cdd93617b5da19965cd2dbb9c8f5,5291
    pantry-tree:
      size: 3168
      sha256: 2377557ea580de274250c9a4cda42c477ca74fbf8b774874778fd0a62407ffb9
  original:
    hackage: pandoc-lua-marshal-0.1.7@sha256:66d0cec444b967493dae7e108599a29dd470cdd93617b5da19965cd2dbb9c8f5,5291
- completed:
    hackage: pandoc-types-1.22.2.1@sha256:b66c1d501537f99b3627aeed1f35b40ca075306b7c35d16fa9a49c9ccebefe5f,4130
    pantry-tree:
      size: 737
      sha256: cbb0b8100d99570847b09f22ca9857797cb5accdb019600665540128cdf8cf57
  original:
    hackage: pandoc-types-1.22.2.1@sha256:b66c1d501537f99b3627aeed1f35b40ca075306b7c35d16fa9a49c9ccebefe5f,4130
- completed:
    hackage: skylighting-0.13.2@sha256:8256cf117bd751d6416d6f522ac8f10523d76e86f1a3e3801da65b0956e262f9,10917
    pantry-tree:
      size: 11597
      sha256: f1b2eb92a95f4b75e788edc1ab7ae96ee6e957e99b6164e6e02a0970cf7a6e58
  original:
    hackage: skylighting-0.13.2@sha256:8256cf117bd751d6416d6f522ac8f10523d76e86f1a3e3801da65b0956e262f9,10917
- completed:
    hackage: skylighting-core-0.13.2@sha256:346eeea692b2b6189c19d00c00ece4055191c9ae646ed32742bbe5c7dbdb48d2,7813
    pantry-tree:
      size: 14125
      sha256: da7916dc37c1dbc72749e78cf5d039d7ce3150e03231f60988bf92454ea7361f
  original:
    hackage: skylighting-core-0.13.2@sha256:346eeea692b2b6189c19d00c00ece4055191c9ae646ed32742bbe5c7dbdb48d2,7813
- completed:
    hackage: texmath-0.12.5.5@sha256:435e38acc4807682e79d647f6add5d68e92180439a6f03a5f315fea57ee88304,6667
    pantry-tree:
      size: 257761
      sha256: 93794993e732a9b5073c3200928ce41f69d9898836d1816b0754f48c34fcdd72
  original:
    hackage: texmath-0.12.5.5@sha256:435e38acc4807682e79d647f6add5d68e92180439a6f03a5f315fea57ee88304,6667
- completed:
    hackage: emojis-0.1.2@sha256:3932d99972b998464beb4d67eddebeb00a21dab3e3b2d68bdb996e5cb0ccbc26,1909
    pantry-tree:
      size: 430
      sha256: 3a5d9b527c4999e7a900ee31184d07bef24ecf755440e712a5d77e48003dd139
  original:
    hackage: emojis-0.1.2@sha256:3932d99972b998464beb4d67eddebeb00a21dab3e3b2d68bdb996e5cb0ccbc26,1909
- completed:
    hackage: hslua-classes-2.2.0@sha256:a76550e77d82f0daecf0f110e14ce0bdf92c799a61aec8f448ce8a92f8d936cd,3828
    pantry-tree:
      size: 1113
      sha256: 8d4679ef1cc4b2b3ec5bf47a13809a774f16471982185704f8f93293c6b7a265
  original:
    hackage: hslua-classes-2.2.0@sha256:a76550e77d82f0daecf0f110e14ce0bdf92c799a61aec8f448ce8a92f8d936cd,3828
- completed:
    hackage: hslua-core-2.2.1@sha256:7a1e409e49c95ae2c9fd969d6519f090a418e14889acaabb1c5f7ad9d1257cdc,4306
    pantry-tree:
      size: 2069
      sha256: c2f79ce60694fe65d9346aedeb17377c78bc383ddddfe355b0ca1bc7809871aa
  original:
    hackage: hslua-core-2.2.1@sha256:7a1e409e49c95ae2c9fd969d6519f090a418e14889acaabb1c5f7ad9d1257cdc,4306
- completed:
    hackage: hslua-marshalling-2.2.1@sha256:fd7052daf58cf218734082a41867c0da4e256d7b1e2463088e054ecc8963366f,3907
    pantry-tree:
      size: 1023
      sha256: e6459c3bf40d57df3350174031e72d3e250d397d534bc480d7940158ba4bc0e9
  original:
    hackage: hslua-marshalling-2.2.1@sha256:fd7052daf58cf218734082a41867c0da4e256d7b1e2463088e054ecc8963366f,3907
- completed:
    hackage: hslua-objectorientation-2.2.1@sha256:0a7703080502e1e40f74db581fbaac963ce12691f30ae3e2129055723ade15a9,3408
    pantry-tree:
      size: 585
      sha256: 5c6b6bf5c7577ddaa2471a129ecdb6159a9fec9c7ae75e3513c14d04b20b912c
  original:
    hackage: hslua-objectorientation-2.2.1@sha256:0a7703080502e1e40f74db581fbaac963ce12691f30ae3e2129055723ade15a9,3408
- completed:
    hackage: hslua-packaging-2.2.1@sha256:bb63fb69d4c1dfb5fcaecd36714ab666abef427d31bcace8939fe5547c39db4c,3706
    pantry-tree:
      size: 1312
      sha256: bf2832625771d6f512843b5d48b692ffa2bcc9f27defd20a6a70933bef72ad7c
  original:
    hackage: hslua-packaging-2.2.1@sha256:bb63fb69d4c1dfb5fcaecd36714ab666abef427d31bcace8939fe5547c39db4c,3706
- completed:
    hackage: lua-2.2.1@sha256:667516181cf9b21ecc7b17509feb01f70aa6b4543eafafc86fcd64437d0cb60d,7499
    pantry-tree:
      size: 5507
      sha256: b85f8d40c0d6d6767f475312c4feac03b5585ca2363b54d9d0b4750af52da61d
  original:
    hackage: lua-2.2.1@sha256:667516181cf9b21ecc7b17509feb01f70aa6b4543eafafc86fcd64437d0cb60d,7499
- completed:
    hackage: skylighting-format-ansi-0.1@sha256:4e525cb8fc5f13d9cf9d1f1d07120cc494d91bbfe39045c41b7ab6cf1c77a361,1353
    pantry-tree:
      size: 241
      sha256: c490905671975447eac59119347c1b54d8eb86439e4a793d7e77d6a206679512
  original:
    hackage: skylighting-format-ansi-0.1@sha256:4e525cb8fc5f13d9cf9d1f1d07120cc494d91bbfe39045c41b7ab6cf1c77a361,1353
- completed:
    hackage: skylighting-format-blaze-html-0.1.1@sha256:9e6cf17156f6b379439aece1cd79ff3baefe41bd0eb617882aba656d07be12d1,1290
    pantry-tree:
      size: 298
      sha256: f9076be5b0dc605f8fd9b46e2206b9268d19b34ab7f5db45591d6179762ae1b4
  original:
    hackage: skylighting-format-blaze-html-0.1.1@sha256:9e6cf17156f6b379439aece1cd79ff3baefe41bd0eb617882aba656d07be12d1,1290
- completed:
    hackage: skylighting-format-context-0.1.0.1@sha256:b0c8939098a9311e10dc9b9701ef6d2f960e818ddd978c848751bfbff4076f0c,1335
    pantry-tree:
      size: 246
      sha256: c9234fc951384b0c5f635efce24dce3f04b23693523379f2b369f3af84f80f9b
  original:
    hackage: skylighting-format-context-0.1.0.1@sha256:b0c8939098a9311e10dc9b9701ef6d2f960e818ddd978c848751bfbff4076f0c,1335
- completed:
    hackage: skylighting-format-latex-0.1@sha256:8631854e20604e497816b0bfdbcaaed7ff622e58fbbc365d4c3d08ef30052bd3,1237
    pantry-tree:
      size: 242
      sha256: 9dfefa501c720fec281e2ccd2bb6a370381d6ee26b4906c10df696359801d7be
  original:
    hackage: skylighting-format-latex-0.1@sha256:8631854e20604e497816b0bfdbcaaed7ff622e58fbbc365d4c3d08ef30052bd3,1237
- completed:
    hackage: unicode-data-0.4.0.1@sha256:081e269b48f2d8511579a6dd1aa5f5c2f940e63d9bafec5fb911c11e32b27ad3,5624
    pantry-tree:
      size: 3282
      sha256: 0898579b4a382ec31de6d1a098b049973bb3af8cde1df7a47fdfac2d05f8eaa7
  original:
    hackage: unicode-data-0.4.0.1@sha256:081e269b48f2d8511579a6dd1aa5f5c2f940e63d9bafec5fb911c11e32b27ad3,5624
- completed:
    hackage: doclayout-0.4@sha256:e98428855c12ca41233a0b6e9238b0f654d26ecf53e1e0236074a996ed595c36,2490
    pantry-tree:
      size: 1399
      sha256: bfb43dfdb1c782cf1a9026322d1f0de6800bd4784065266f7f11d9c38f681367
  original:
    hackage: doclayout-0.4@sha256:e98428855c12ca41233a0b6e9238b0f654d26ecf53e1e0236074a996ed595c36,2490
- completed:
    hackage: doctemplates-0.10.0.2@sha256:057c7c886708e953f48b4107155ef4a4de237c724aea106e2a0dff25ce8b269f,3179
    pantry-tree:
      size: 2422
      sha256: 344131f03f3d9f7ff439c9fe649337eb52f5a5ea472b83a95b1feac9ab649d74
  original:
    hackage: doctemplates-0.10.0.2@sha256:057c7c886708e953f48b4107155ef4a4de237c724aea106e2a0dff25ce8b269f,3179
snapshots:
- completed:
    size: 586268
    url: https://raw.githubusercontent.com/commercialhaskell/stackage-snapshots/master/lts/18/13.yaml
    sha256: d9e658a22cfe8d87a64fdf219885f942fef5fe2bcb156a9800174911c5da2443
  original: lts-18.13
